
Microsoft Visual Studio Solution File, Format Version 12.00
# Visual Studio Version 16
VisualStudioVersion = 16.0.30320.27
MinimumVisualStudioVersion = 10.0.40219.1
Project("{FAE04EC0-301F-11D3-BF4B-00C04F79EFBC}") = "ConsoleApp1", "ConsoleApp1.csproj", "{FBB4E1C4-F75C-4438-9A80-25C37D515132}"
EndProject
Global
	GlobalSection(SolutionConfigurationPlatforms) = preSolution
		Debug|Any CPU = Debug|Any CPU
		Release|Any CPU = Release|Any CPU
	EndGlobalSection
	GlobalSection(ProjectConfigurationPlatforms) = postSolution
		{FBB4E1C4-F75C-4438-9A80-25C37D515132}.Debug|Any CPU.ActiveCfg = Debug|Any CPU
		{FBB4E1C4-F75C-4438-9A80-25C37D515132}.Debug|Any CPU.Build.0 = Debug|Any CPU
		{FBB4E1C4-F75C-4438-9A80-25C37D515132}.Release|Any CPU.ActiveCfg = Release|Any CPU
		{FBB4E1C4-F75C-4438-9A80-25C37D515132}.Release|Any CPU.Build.0 = Release|Any CPU
	EndGlobalSection
	GlobalSection(SolutionProperties) = preSolution
		HideSolutionNode = FALSE
	EndGlobalSection
	GlobalSection(ExtensibilityGlobals) = postSolution
		SolutionGuid = {B4E93452-5B83-4053-B95E-F0322CB4C5B2}
	EndGlobalSection
EndGlobal
